
Microsoft Visual Studio Solution File, Format Version 12.00
# Visual Studio Version 16
VisualStudioVersion = 16.0.30413.136
MinimumVisualStudioVersion = 10.0.40219.1
Project("{FAE04EC0-301F-11D3-BF4B-00C04F79EFBC}") = "TwoForksVr", "TwoForksVr\TwoForksVr.csproj", "{4FAEDEC8-3D86-4350-B42D-DAD4414E69D1}"
EndProject
Global
	GlobalSection(SolutionConfigurationPlatforms) = preSolution
		Debug|x64 = Debug|x64
		Release|x64 = Release|x64
	EndGlobalSection
	GlobalSection(ProjectConfigurationPlatforms) = postSolution
		{4FAEDEC8-3D86-4350-B42D-DAD4414E69D1}.Debug|x64.ActiveCfg = Debug|x64
		{4FAEDEC8-3D86-4350-B42D-DAD4414E69D1}.Debug|x64.Build.0 = Debug|x64
		{4FAEDEC8-3D86-4350-B42D-DAD4414E69D1}.Release|x64.ActiveCfg = Release|x64
		{4FAEDEC8-3D86-4350-B42D-DAD4414E69D1}.Release|x64.Build.0 = Release|x64
	EndGlobalSection
	GlobalSection(SolutionProperties) = preSolution
		HideSolutionNode = FALSE
	EndGlobalSection
	GlobalSection(ExtensibilityGlobals) = postSolution
		SolutionGuid = {58E08034-61D7-41A2-9BF9-DE0275232B81}
	EndGlobalSection
EndGlobal
