
Microsoft Visual Studio Solution File, Format Version 11.00
# Visual Studio 2010
Project("{FAE04EC0-301F-11D3-BF4B-00C04F79EFBC}") = "SteamVR", "SteamVR.csproj", "{5A488ACB-B430-37E9-944B-56A63CE9BA9F}"
EndProject
Project("{FAE04EC0-301F-11D3-BF4B-00C04F79EFBC}") = "SteamVR_Actions", "SteamVR_Actions.csproj", "{CF83CB79-1032-F382-FBBB-12872831EE8D}"
EndProject
Project("{FAE04EC0-301F-11D3-BF4B-00C04F79EFBC}") = "SteamVR_Input_Editor", "SteamVR_Input_Editor.csproj", "{2C10255A-22B1-086E-D625-6FA2D1116AE1}"
EndProject
Project("{FAE04EC0-301F-11D3-BF4B-00C04F79EFBC}") = "SteamVR_Editor", "SteamVR_Editor.csproj", "{7B4EC7C1-7408-D3D5-8F36-6D96E5D19124}"
EndProject
Project("{FAE04EC0-301F-11D3-BF4B-00C04F79EFBC}") = "SteamVR_Windows_EditorHelper", "SteamVR_Windows_EditorHelper.csproj", "{8BC77BB3-EEA1-1649-C6BF-BBAD2810E6CC}"
EndProject
Project("{FAE04EC0-301F-11D3-BF4B-00C04F79EFBC}") = "Assembly-CSharp-Editor", "Assembly-CSharp-Editor.csproj", "{895456C2-C808-FC57-9061-3FB8E4F9EADA}"
EndProject
Global
	GlobalSection(SolutionConfigurationPlatforms) = preSolution
		Debug|Any CPU = Debug|Any CPU
		Release|Any CPU = Release|Any CPU
	EndGlobalSection
	GlobalSection(ProjectConfigurationPlatforms) = postSolution
		{5A488ACB-B430-37E9-944B-56A63CE9BA9F}.Debug|Any CPU.ActiveCfg = Debug|Any CPU
		{5A488ACB-B430-37E9-944B-56A63CE9BA9F}.Debug|Any CPU.Build.0 = Debug|Any CPU
		{5A488ACB-B430-37E9-944B-56A63CE9BA9F}.Release|Any CPU.ActiveCfg = Release|Any CPU
		{5A488ACB-B430-37E9-944B-56A63CE9BA9F}.Release|Any CPU.Build.0 = Release|Any CPU
		{CF83CB79-1032-F382-FBBB-12872831EE8D}.Debug|Any CPU.ActiveCfg = Debug|Any CPU
		{CF83CB79-1032-F382-FBBB-12872831EE8D}.Debug|Any CPU.Build.0 = Debug|Any CPU
		{CF83CB79-1032-F382-FBBB-12872831EE8D}.Release|Any CPU.ActiveCfg = Release|Any CPU
		{CF83CB79-1032-F382-FBBB-12872831EE8D}.Release|Any CPU.Build.0 = Release|Any CPU
		{2C10255A-22B1-086E-D625-6FA2D1116AE1}.Debug|Any CPU.ActiveCfg = Debug|Any CPU
		{2C10255A-22B1-086E-D625-6FA2D1116AE1}.Debug|Any CPU.Build.0 = Debug|Any CPU
		{2C10255A-22B1-086E-D625-6FA2D1116AE1}.Release|Any CPU.ActiveCfg = Release|Any CPU
		{2C10255A-22B1-086E-D625-6FA2D1116AE1}.Release|Any CPU.Build.0 = Release|Any CPU
		{7B4EC7C1-7408-D3D5-8F36-6D96E5D19124}.Debug|Any CPU.ActiveCfg = Debug|Any CPU
		{7B4EC7C1-7408-D3D5-8F36-6D96E5D19124}.Debug|Any CPU.Build.0 = Debug|Any CPU
		{7B4EC7C1-7408-D3D5-8F36-6D96E5D19124}.Release|Any CPU.ActiveCfg = Release|Any CPU
		{7B4EC7C1-7408-D3D5-8F36-6D96E5D19124}.Release|Any CPU.Build.0 = Release|Any CPU
		{8BC77BB3-EEA1-1649-C6BF-BBAD2810E6CC}.Debug|Any CPU.ActiveCfg = Debug|Any CPU
		{8BC77BB3-EEA1-1649-C6BF-BBAD2810E6CC}.Debug|Any CPU.Build.0 = Debug|Any CPU
		{8BC77BB3-EEA1-1649-C6BF-BBAD2810E6CC}.Release|Any CPU.ActiveCfg = Release|Any CPU
		{8BC77BB3-EEA1-1649-C6BF-BBAD2810E6CC}.Release|Any CPU.Build.0 = Release|Any CPU
		{895456C2-C808-FC57-9061-3FB8E4F9EADA}.Debug|Any CPU.ActiveCfg = Debug|Any CPU
		{895456C2-C808-FC57-9061-3FB8E4F9EADA}.Debug|Any CPU.Build.0 = Debug|Any CPU
		{895456C2-C808-FC57-9061-3FB8E4F9EADA}.Release|Any CPU.ActiveCfg = Release|Any CPU
		{895456C2-C808-FC57-9061-3FB8E4F9EADA}.Release|Any CPU.Build.0 = Release|Any CPU
	EndGlobalSection
	GlobalSection(SolutionProperties) = preSolution
		HideSolutionNode = FALSE
	EndGlobalSection
	GlobalSection(MonoDevelopProperties) = preSolution
		StartupItem = Assembly-CSharp.csproj
	EndGlobalSection
EndGlobal
